
Microsoft Visual Studio Solution File, Format Version 12.00
# Visual Studio Version 17
VisualStudioVersion = 17.4.33213.308
MinimumVisualStudioVersion = 10.0.40219.1
Project("{8BC9CEB8-8B4A-11D0-8D11-00A0C91BC942}") = "Problem 4, Number of Days-Hours-Minutes-Seconds in a year", "Problem 4, Number of Days-Hours-Minutes-Seconds in a year\Problem 4, Number of Days-Hours-Minutes-Seconds in a year.vcxproj", "{DB04D3C3-E811-4342-9613-80D118A15181}"
EndProject
Global
	GlobalSection(SolutionConfigurationPlatforms) = preSolution
		Debug|x64 = Debug|x64
		Debug|x86 = Debug|x86
		Release|x64 = Release|x64
		Release|x86 = Release|x86
	EndGlobalSection
	GlobalSection(ProjectConfigurationPlatforms) = postSolution
		{DB04D3C3-E811-4342-9613-80D118A15181}.Debug|x64.ActiveCfg = Debug|x64
		{DB04D3C3-E811-4342-9613-80D118A15181}.Debug|x64.Build.0 = Debug|x64
		{DB04D3C3-E811-4342-9613-80D118A15181}.Debug|x86.ActiveCfg = Debug|Win32
		{DB04D3C3-E811-4342-9613-80D118A15181}.Debug|x86.Build.0 = Debug|Win32
		{DB04D3C3-E811-4342-9613-80D118A15181}.Release|x64.ActiveCfg = Release|x64
		{DB04D3C3-E811-4342-9613-80D118A15181}.Release|x64.Build.0 = Release|x64
		{DB04D3C3-E811-4342-9613-80D118A15181}.Release|x86.ActiveCfg = Release|Win32
		{DB04D3C3-E811-4342-9613-80D118A15181}.Release|x86.Build.0 = Release|Win32
	EndGlobalSection
	GlobalSection(SolutionProperties) = preSolution
		HideSolutionNode = FALSE
	EndGlobalSection
	GlobalSection(ExtensibilityGlobals) = postSolution
		SolutionGuid = {D0EEEFCF-BF86-4DA0-AF1A-92D33E3E6419}
	EndGlobalSection
EndGlobal
